
Microsoft Visual Studio Solution File, Format Version 12.00
# Visual Studio 15
Project("{FAE04EC0-301F-11D3-BF4B-00C04F79EFBC}") = "Assembly-CSharp", "Assembly-CSharp.csproj", "{FE78FA27-24A7-CC42-D1E8-8134BAC7CF6F}"
EndProject
Project("{FAE04EC0-301F-11D3-BF4B-00C04F79EFBC}") = "Assembly-CSharp-Editor", "Assembly-CSharp-Editor.csproj", "{86975CBF-768C-B6B5-69CB-694AD9B32825}"
EndProject
Global
	GlobalSection(SolutionConfigurationPlatforms) = preSolution
		Debug|Any CPU = Debug|Any CPU
		Release|Any CPU = Release|Any CPU
	EndGlobalSection
	GlobalSection(ProjectConfigurationPlatforms) = postSolution
		{FE78FA27-24A7-CC42-D1E8-8134BAC7CF6F}.Debug|Any CPU.ActiveCfg = Debug|Any CPU
		{FE78FA27-24A7-CC42-D1E8-8134BAC7CF6F}.Debug|Any CPU.Build.0 = Debug|Any CPU
		{FE78FA27-24A7-CC42-D1E8-8134BAC7CF6F}.Release|Any CPU.ActiveCfg = Release|Any CPU
		{FE78FA27-24A7-CC42-D1E8-8134BAC7CF6F}.Release|Any CPU.Build.0 = Release|Any CPU
		{86975CBF-768C-B6B5-69CB-694AD9B32825}.Debug|Any CPU.ActiveCfg = Debug|Any CPU
		{86975CBF-768C-B6B5-69CB-694AD9B32825}.Debug|Any CPU.Build.0 = Debug|Any CPU
		{86975CBF-768C-B6B5-69CB-694AD9B32825}.Release|Any CPU.ActiveCfg = Release|Any CPU
		{86975CBF-768C-B6B5-69CB-694AD9B32825}.Release|Any CPU.Build.0 = Release|Any CPU
	EndGlobalSection
	GlobalSection(SolutionProperties) = preSolution
		HideSolutionNode = FALSE
	EndGlobalSection
EndGlobal
